
Microsoft Visual Studio Solution File, Format Version 12.00
# Visual Studio Version 16
VisualStudioVersion = 16.0.34031.81
MinimumVisualStudioVersion = 10.0.40219.1
Project("{FAE04EC0-301F-11D3-BF4B-00C04F79EFBC}") = "ATM_Tiketing", "ATM_Tiketing.csproj", "{51BBF061-B085-4E8A-B903-38DFF4DA547C}"
EndProject
Project("{2150E333-8FDC-42A3-9474-1A3956D46DE8}") = "Solution Items", "Solution Items", "{29FF0432-F07E-486A-B45D-601B119E0D1D}"
EndProject
Global
	GlobalSection(SolutionConfigurationPlatforms) = preSolution
		Debug|Any CPU = Debug|Any CPU
		Release|Any CPU = Release|Any CPU
	EndGlobalSection
	GlobalSection(ProjectConfigurationPlatforms) = postSolution
		{51BBF061-B085-4E8A-B903-38DFF4DA547C}.Debug|Any CPU.ActiveCfg = Debug|Any CPU
		{51BBF061-B085-4E8A-B903-38DFF4DA547C}.Debug|Any CPU.Build.0 = Debug|Any CPU
		{51BBF061-B085-4E8A-B903-38DFF4DA547C}.Release|Any CPU.ActiveCfg = Release|Any CPU
		{51BBF061-B085-4E8A-B903-38DFF4DA547C}.Release|Any CPU.Build.0 = Release|Any CPU
	EndGlobalSection
	GlobalSection(SolutionProperties) = preSolution
		HideSolutionNode = FALSE
	EndGlobalSection
	GlobalSection(ExtensibilityGlobals) = postSolution
		SolutionGuid = {1EC34770-B31E-4538-A755-E795892083F9}
	EndGlobalSection
EndGlobal
